{
  "version": 1,
  "dependencies": {
    "net7.0": {
      "Google.Protobuf": {
        "type": "Direct",
        "requested": "[3.22.1, )",
        "resolved": "3.22.1",
        "contentHash": "Ul4gVJWLya83Z8/n3+O4QKhD8ukCCwNLDyoWpUdJSnmzxRe8o3pWiuCzzvN2z/LVH60nozlKpTzhJo3ctI+G4Q=="
      },
      "Grpc.Net.Client": {
        "type": "Direct",
        "requested": "[2.51.0, )",
        "resolved": "2.51.0",
        "contentHash": "6XybyqUGn5+8UTMRKAfbM+aXagR3qxHROIEeFyul5gvh/dF3UqpnpnTkcRKIae4n5+Bt8j1J1VdNqYyEvYoYyg==",
        "dependencies": {
          "Grpc.Net.Common": "2.51.0",
          "Microsoft.Extensions.Logging.Abstractions": "3.0.3"
        }
      },
      "Grpc.Tools": {
        "type": "Direct",
        "requested": "[2.52.0, )",
        "resolved": "2.52.0",
        "contentHash": "4BNEWpkMXWUEttmhjjey10+un3XOxBBO3kN0aCyjwFCtzzM73lRI06rppkMh+CtKx+xLcbMBJ991XKYTQORCQA=="
      },
      "Grpc.Core.Api": {
        "type": "Transitive",
        "resolved": "2.51.0",
        "contentHash": "WUYCnxZKfdBWCKNs08lWFRoTjESt3iyFDthsZu5KcWguZ4OnnXrTu/K5mIdO+R9dUhuw5Xm1ygUrI1e2q8d1YA==",
        "dependencies": {
          "System.Memory": "4.5.3"
        }
      },
      "Grpc.Net.Common": {
        "type": "Transitive",
        "resolved": "2.51.0",
        "contentHash": "lAymSKjOHFopWt7RAF/Rxkf7SKGZaj+tJdabcnobm6XkdHX1zIQdkByeqIwmJesDbbCTpLEae6oSrn4eWWE9TQ==",
        "dependencies": {
          "Grpc.Core.Api": "2.51.0"
        }
      },
      "Microsoft.Extensions.Logging.Abstractions": {
        "type": "Transitive",
        "resolved": "3.0.3",
        "contentHash": "m2Jyi/MEn043WMI1I6J1ALuCThktZ93rd7eqzYeLmMcA0bdZC+TBVl0LuEbEWM01dWeeBjOoagjNwQTzOi2r6A=="
      },
      "System.Memory": {
        "type": "Transitive",
        "resolved": "4.5.3",
        "contentHash": "3oDzvc/zzetpTKWMShs1AADwZjQ/36HnsufHRPcOjyRAAMLDlu2iD33MBI2opxnezcVUtXyqDXXjoFMOU9c7SA=="
      },
      "pal.common": {
        "type": "Project"
      }
    }
  }
}