{
  "version": 1,
  "dependencies": {
    "net7.0": {
      "Google.Protobuf": {
        "type": "Direct",
        "requested": "[3.22.1, )",
        "resolved": "3.22.1",
        "contentHash": "Ul4gVJWLya83Z8/n3+O4QKhD8ukCCwNLDyoWpUdJSnmzxRe8o3pWiuCzzvN2z/LVH60nozlKpTzhJo3ctI+G4Q=="
      },
      "Grpc.Net.Client": {
        "type": "Direct",
        "requested": "[2.52.0, )",
        "resolved": "2.52.0",
        "contentHash": "hWVH9g/Nnjz40ni//2S8UIOyEmhueQREoZIkD0zKHEPqLxXcNlbp4eebXIOicZtkwDSx0TFz9NpkbecEDn6rBw==",
        "dependencies": {
          "Grpc.Net.Common": "2.52.0",
          "Microsoft.Extensions.Logging.Abstractions": "3.0.3"
        }
      },
      "Grpc.Tools": {
        "type": "Direct",
        "requested": "[2.53.0, )",
        "resolved": "2.53.0",
        "contentHash": "vm8iRSAF/4PN9g555iYZwhCQptSE4cZ8xk5W1TQ+JcHwaHSrBhD+P6H4l0+SqqfzuX7sGpjjOMQJXHSyrERTgw=="
      },
      "Grpc.Core.Api": {
        "type": "Transitive",
        "resolved": "2.52.0",
        "contentHash": "SQiPyBczG4vKPmI6Fd+O58GcxxDSFr6nfRAJuBDUNj+PgdokhjWJvZE/La1c09AkL2FVm/jrDloG89nkzmVF7A==",
        "dependencies": {
          "System.Memory": "4.5.3"
        }
      },
      "Grpc.Net.Common": {
        "type": "Transitive",
        "resolved": "2.52.0",
        "contentHash": "di9qzpdx525IxumZdYmu6sG2y/gXJyYeZ1ruFUzB9BJ1nj4kU1/dTAioNCMt1VLRvNVDqh8S8B1oBdKhHJ4xRg==",
        "dependencies": {
          "Grpc.Core.Api": "2.52.0"
        }
      },
      "Microsoft.Extensions.Logging.Abstractions": {
        "type": "Transitive",
        "resolved": "3.0.3",
        "contentHash": "m2Jyi/MEn043WMI1I6J1ALuCThktZ93rd7eqzYeLmMcA0bdZC+TBVl0LuEbEWM01dWeeBjOoagjNwQTzOi2r6A=="
      },
      "System.Memory": {
        "type": "Transitive",
        "resolved": "4.5.3",
        "contentHash": "3oDzvc/zzetpTKWMShs1AADwZjQ/36HnsufHRPcOjyRAAMLDlu2iD33MBI2opxnezcVUtXyqDXXjoFMOU9c7SA=="
      },
      "pal.common": {
        "type": "Project"
      }
    }
  }
}